
Microsoft Visual Studio Solution File, Format Version 12.00
# Visual Studio 14
VisualStudioVersion = 14.0.25420.1
MinimumVisualStudioVersion = 10.0.40219.1
Project("{FAE04EC0-301F-11D3-BF4B-00C04F79EFBC}") = "Microsoft.NLU.Demo.AppDemoFinal", "Microsoft.NLU.Demo.AppDemoFinal\Microsoft.NLU.Demo.AppDemoFinal.csproj", "{FF7539E5-CE4B-4C3B-9813-E50E59B568A2}"
EndProject
Project("{2150E333-8FDC-42A3-9474-1A3956D46DE8}") = "1. Final", "1. Final", "{84CFE8A6-3765-45DC-8EF4-CBCE228C1177}"
EndProject
Project("{2150E333-8FDC-42A3-9474-1A3956D46DE8}") = "2. Common", "2. Common", "{379F5918-A0BB-44C5-A001-4E112A3157B3}"
EndProject
Project("{2150E333-8FDC-42A3-9474-1A3956D46DE8}") = "3.Demo", "3.Demo", "{59D00824-34E4-4E05-99FF-B1BF706CC5B8}"
EndProject
Project("{FAE04EC0-301F-11D3-BF4B-00C04F79EFBC}") = "Microsoft.NLU.Demo.AppDemoFinalEN", "Microsoft.NLU.Demo.AppDemoFinalEN\Microsoft.NLU.Demo.AppDemoFinalEN.csproj", "{6D8F32A8-7FFD-4573-9130-0312C5EA4BD5}"
EndProject
Project("{FAE04EC0-301F-11D3-BF4B-00C04F79EFBC}") = "Microsoft.NLU.Demo.Common.Accelerator", "Microsoft.NLU.Demo.Common.Accelerator\Microsoft.NLU.Demo.Common.Accelerator.csproj", "{991C37A3-2C31-4C97-9079-74C189EAF0D9}"
EndProject
Project("{FAE04EC0-301F-11D3-BF4B-00C04F79EFBC}") = "Microsoft.NLU.Demo.AppDemo", "Microsoft.NLU.Demo.AppDemo\Microsoft.NLU.Demo.AppDemo.csproj", "{B6992CBA-E1E3-419D-A26D-06C89591F57B}"
EndProject
Global
	GlobalSection(SolutionConfigurationPlatforms) = preSolution
		Debug|Any CPU = Debug|Any CPU
		Debug|ARM = Debug|ARM
		Debug|x64 = Debug|x64
		Debug|x86 = Debug|x86
		Release|Any CPU = Release|Any CPU
		Release|ARM = Release|ARM
		Release|x64 = Release|x64
		Release|x86 = Release|x86
	EndGlobalSection
	GlobalSection(ProjectConfigurationPlatforms) = postSolution
		{FF7539E5-CE4B-4C3B-9813-E50E59B568A2}.Debug|Any CPU.ActiveCfg = Debug|x86
		{FF7539E5-CE4B-4C3B-9813-E50E59B568A2}.Debug|ARM.ActiveCfg = Debug|ARM
		{FF7539E5-CE4B-4C3B-9813-E50E59B568A2}.Debug|ARM.Build.0 = Debug|ARM
		{FF7539E5-CE4B-4C3B-9813-E50E59B568A2}.Debug|ARM.Deploy.0 = Debug|ARM
		{FF7539E5-CE4B-4C3B-9813-E50E59B568A2}.Debug|x64.ActiveCfg = Debug|x64
		{FF7539E5-CE4B-4C3B-9813-E50E59B568A2}.Debug|x64.Build.0 = Debug|x64
		{FF7539E5-CE4B-4C3B-9813-E50E59B568A2}.Debug|x64.Deploy.0 = Debug|x64
		{FF7539E5-CE4B-4C3B-9813-E50E59B568A2}.Debug|x86.ActiveCfg = Debug|x86
		{FF7539E5-CE4B-4C3B-9813-E50E59B568A2}.Debug|x86.Build.0 = Debug|x86
		{FF7539E5-CE4B-4C3B-9813-E50E59B568A2}.Debug|x86.Deploy.0 = Debug|x86
		{FF7539E5-CE4B-4C3B-9813-E50E59B568A2}.Release|Any CPU.ActiveCfg = Release|x86
		{FF7539E5-CE4B-4C3B-9813-E50E59B568A2}.Release|ARM.ActiveCfg = Release|ARM
		{FF7539E5-CE4B-4C3B-9813-E50E59B568A2}.Release|ARM.Build.0 = Release|ARM
		{FF7539E5-CE4B-4C3B-9813-E50E59B568A2}.Release|ARM.Deploy.0 = Release|ARM
		{FF7539E5-CE4B-4C3B-9813-E50E59B568A2}.Release|x64.ActiveCfg = Release|x64
		{FF7539E5-CE4B-4C3B-9813-E50E59B568A2}.Release|x64.Build.0 = Release|x64
		{FF7539E5-CE4B-4C3B-9813-E50E59B568A2}.Release|x64.Deploy.0 = Release|x64
		{FF7539E5-CE4B-4C3B-9813-E50E59B568A2}.Release|x86.ActiveCfg = Release|x86
		{FF7539E5-CE4B-4C3B-9813-E50E59B568A2}.Release|x86.Build.0 = Release|x86
		{FF7539E5-CE4B-4C3B-9813-E50E59B568A2}.Release|x86.Deploy.0 = Release|x86
		{6D8F32A8-7FFD-4573-9130-0312C5EA4BD5}.Debug|Any CPU.ActiveCfg = Debug|x86
		{6D8F32A8-7FFD-4573-9130-0312C5EA4BD5}.Debug|ARM.ActiveCfg = Debug|ARM
		{6D8F32A8-7FFD-4573-9130-0312C5EA4BD5}.Debug|ARM.Build.0 = Debug|ARM
		{6D8F32A8-7FFD-4573-9130-0312C5EA4BD5}.Debug|ARM.Deploy.0 = Debug|ARM
		{6D8F32A8-7FFD-4573-9130-0312C5EA4BD5}.Debug|x64.ActiveCfg = Debug|x64
		{6D8F32A8-7FFD-4573-9130-0312C5EA4BD5}.Debug|x64.Build.0 = Debug|x64
		{6D8F32A8-7FFD-4573-9130-0312C5EA4BD5}.Debug|x64.Deploy.0 = Debug|x64
		{6D8F32A8-7FFD-4573-9130-0312C5EA4BD5}.Debug|x86.ActiveCfg = Debug|x86
		{6D8F32A8-7FFD-4573-9130-0312C5EA4BD5}.Debug|x86.Build.0 = Debug|x86
		{6D8F32A8-7FFD-4573-9130-0312C5EA4BD5}.Debug|x86.Deploy.0 = Debug|x86
		{6D8F32A8-7FFD-4573-9130-0312C5EA4BD5}.Release|Any CPU.ActiveCfg = Release|x86
		{6D8F32A8-7FFD-4573-9130-0312C5EA4BD5}.Release|ARM.ActiveCfg = Release|ARM
		{6D8F32A8-7FFD-4573-9130-0312C5EA4BD5}.Release|ARM.Build.0 = Release|ARM
		{6D8F32A8-7FFD-4573-9130-0312C5EA4BD5}.Release|ARM.Deploy.0 = Release|ARM
		{6D8F32A8-7FFD-4573-9130-0312C5EA4BD5}.Release|x64.ActiveCfg = Release|x64
		{6D8F32A8-7FFD-4573-9130-0312C5EA4BD5}.Release|x64.Build.0 = Release|x64
		{6D8F32A8-7FFD-4573-9130-0312C5EA4BD5}.Release|x64.Deploy.0 = Release|x64
		{6D8F32A8-7FFD-4573-9130-0312C5EA4BD5}.Release|x86.ActiveCfg = Release|x86
		{6D8F32A8-7FFD-4573-9130-0312C5EA4BD5}.Release|x86.Build.0 = Release|x86
		{6D8F32A8-7FFD-4573-9130-0312C5EA4BD5}.Release|x86.Deploy.0 = Release|x86
		{991C37A3-2C31-4C97-9079-74C189EAF0D9}.Debug|Any CPU.ActiveCfg = Debug|Any CPU
		{991C37A3-2C31-4C97-9079-74C189EAF0D9}.Debug|Any CPU.Build.0 = Debug|Any CPU
		{991C37A3-2C31-4C97-9079-74C189EAF0D9}.Debug|ARM.ActiveCfg = Debug|ARM
		{991C37A3-2C31-4C97-9079-74C189EAF0D9}.Debug|ARM.Build.0 = Debug|ARM
		{991C37A3-2C31-4C97-9079-74C189EAF0D9}.Debug|x64.ActiveCfg = Debug|x64
		{991C37A3-2C31-4C97-9079-74C189EAF0D9}.Debug|x64.Build.0 = Debug|x64
		{991C37A3-2C31-4C97-9079-74C189EAF0D9}.Debug|x86.ActiveCfg = Debug|x86
		{991C37A3-2C31-4C97-9079-74C189EAF0D9}.Debug|x86.Build.0 = Debug|x86
		{991C37A3-2C31-4C97-9079-74C189EAF0D9}.Release|Any CPU.ActiveCfg = Release|Any CPU
		{991C37A3-2C31-4C97-9079-74C189EAF0D9}.Release|Any CPU.Build.0 = Release|Any CPU
		{991C37A3-2C31-4C97-9079-74C189EAF0D9}.Release|ARM.ActiveCfg = Release|ARM
		{991C37A3-2C31-4C97-9079-74C189EAF0D9}.Release|ARM.Build.0 = Release|ARM
		{991C37A3-2C31-4C97-9079-74C189EAF0D9}.Release|x64.ActiveCfg = Release|x64
		{991C37A3-2C31-4C97-9079-74C189EAF0D9}.Release|x64.Build.0 = Release|x64
		{991C37A3-2C31-4C97-9079-74C189EAF0D9}.Release|x86.ActiveCfg = Release|x86
		{991C37A3-2C31-4C97-9079-74C189EAF0D9}.Release|x86.Build.0 = Release|x86
		{B6992CBA-E1E3-419D-A26D-06C89591F57B}.Debug|Any CPU.ActiveCfg = Debug|x86
		{B6992CBA-E1E3-419D-A26D-06C89591F57B}.Debug|ARM.ActiveCfg = Debug|ARM
		{B6992CBA-E1E3-419D-A26D-06C89591F57B}.Debug|ARM.Build.0 = Debug|ARM
		{B6992CBA-E1E3-419D-A26D-06C89591F57B}.Debug|ARM.Deploy.0 = Debug|ARM
		{B6992CBA-E1E3-419D-A26D-06C89591F57B}.Debug|x64.ActiveCfg = Debug|x64
		{B6992CBA-E1E3-419D-A26D-06C89591F57B}.Debug|x64.Build.0 = Debug|x64
		{B6992CBA-E1E3-419D-A26D-06C89591F57B}.Debug|x64.Deploy.0 = Debug|x64
		{B6992CBA-E1E3-419D-A26D-06C89591F57B}.Debug|x86.ActiveCfg = Debug|x86
		{B6992CBA-E1E3-419D-A26D-06C89591F57B}.Debug|x86.Build.0 = Debug|x86
		{B6992CBA-E1E3-419D-A26D-06C89591F57B}.Debug|x86.Deploy.0 = Debug|x86
		{B6992CBA-E1E3-419D-A26D-06C89591F57B}.Release|Any CPU.ActiveCfg = Release|x86
		{B6992CBA-E1E3-419D-A26D-06C89591F57B}.Release|ARM.ActiveCfg = Release|ARM
		{B6992CBA-E1E3-419D-A26D-06C89591F57B}.Release|ARM.Build.0 = Release|ARM
		{B6992CBA-E1E3-419D-A26D-06C89591F57B}.Release|ARM.Deploy.0 = Release|ARM
		{B6992CBA-E1E3-419D-A26D-06C89591F57B}.Release|x64.ActiveCfg = Release|x64
		{B6992CBA-E1E3-419D-A26D-06C89591F57B}.Release|x64.Build.0 = Release|x64
		{B6992CBA-E1E3-419D-A26D-06C89591F57B}.Release|x64.Deploy.0 = Release|x64
		{B6992CBA-E1E3-419D-A26D-06C89591F57B}.Release|x86.ActiveCfg = Release|x86
		{B6992CBA-E1E3-419D-A26D-06C89591F57B}.Release|x86.Build.0 = Release|x86
		{B6992CBA-E1E3-419D-A26D-06C89591F57B}.Release|x86.Deploy.0 = Release|x86
	EndGlobalSection
	GlobalSection(SolutionProperties) = preSolution
		HideSolutionNode = FALSE
	EndGlobalSection
	GlobalSection(NestedProjects) = preSolution
		{FF7539E5-CE4B-4C3B-9813-E50E59B568A2} = {84CFE8A6-3765-45DC-8EF4-CBCE228C1177}
		{6D8F32A8-7FFD-4573-9130-0312C5EA4BD5} = {84CFE8A6-3765-45DC-8EF4-CBCE228C1177}
		{991C37A3-2C31-4C97-9079-74C189EAF0D9} = {379F5918-A0BB-44C5-A001-4E112A3157B3}
		{B6992CBA-E1E3-419D-A26D-06C89591F57B} = {59D00824-34E4-4E05-99FF-B1BF706CC5B8}
	EndGlobalSection
EndGlobal
